{
  "originHash": "cb38ba6cc5477b94beeadd11e230da8afb659c8ee14b58579553e97636710864",
  "pins": [
    {
      "identity": "monerowalletcoreffi",
      "kind": "remoteSourceControl",
      "location": "https://github.com/cacaosteve/MoneroWalletCoreFFI.git",
      "state": {
        "branch": "main",
        "revision": "cf893cd1e88b080198bcc31186a953b2a3d60086"
      }
    }
  ],
  "version": 3
}
