{
  "originHash": "cb38ba6cc5477b94beeadd11e230da8afb659c8ee14b58579553e97636710864",
  "pins": [
    {
      "identity": "monerowalletcoreffi",
      "kind": "remoteSourceControl",
      "location": "https://github.com/cacaosteve/MoneroWalletCoreFFI.git",
      "state": {
        "branch": "main",
        "revision": "b1ca93c7c555d70512b7fc108bd30fdd8440f45d"
      }
    }
  ],
  "version": 3
}
