{
  "originHash": "cb38ba6cc5477b94beeadd11e230da8afb659c8ee14b58579553e97636710864",
  "pins": [
    {
      "identity": "monerowalletcoreffi",
      "kind": "remoteSourceControl",
      "location": "https://github.com/cacaosteve/MoneroWalletCoreFFI.git",
      "state": {
        "branch": "main",
        "revision": "a8184c3af0f003299e30e9b220a26257a451517c"
      }
    }
  ],
  "version": 3
}
